
Microsoft Visual Studio Solution File, Format Version 12.00
# Visual Studio Version 16
VisualStudioVersion = 16.0.31129.286
MinimumVisualStudioVersion = 10.0.40219.1
Project("{FAE04EC0-301F-11D3-BF4B-00C04F79EFBC}") = "CRUD", "CRUD.csproj", "{EB980A2A-D260-4553-A932-63D7BFC94F1D}"
EndProject
Global
	GlobalSection(SolutionConfigurationPlatforms) = preSolution
		Debug|Any CPU = Debug|Any CPU
		Release|Any CPU = Release|Any CPU
	EndGlobalSection
	GlobalSection(ProjectConfigurationPlatforms) = postSolution
		{EB980A2A-D260-4553-A932-63D7BFC94F1D}.Debug|Any CPU.ActiveCfg = Debug|Any CPU
		{EB980A2A-D260-4553-A932-63D7BFC94F1D}.Debug|Any CPU.Build.0 = Debug|Any CPU
		{EB980A2A-D260-4553-A932-63D7BFC94F1D}.Release|Any CPU.ActiveCfg = Release|Any CPU
		{EB980A2A-D260-4553-A932-63D7BFC94F1D}.Release|Any CPU.Build.0 = Release|Any CPU
	EndGlobalSection
	GlobalSection(SolutionProperties) = preSolution
		HideSolutionNode = FALSE
	EndGlobalSection
	GlobalSection(ExtensibilityGlobals) = postSolution
		SolutionGuid = {F9203CCB-6173-468E-9AD0-114D8DD55B7C}
	EndGlobalSection
EndGlobal
